{
  "name": "amazon-pay-signing-lambda",
  "version": "1.0.0",
  "lockfileVersion": 3,
  "requires": true,
  "packages": {
    "": {
      "name": "amazon-pay-signing-lambda",
      "version": "1.0.0",
      "dependencies": {
        "@amazonpay/amazon-pay-api-sdk-nodejs": "^2.3.1"
      }
    },
    "node_modules/@amazonpay/amazon-pay-api-sdk-nodejs": {
      "version": "2.3.1",
      "resolved": "https://registry.npmjs.org/@amazonpay/amazon-pay-api-sdk-nodejs/-/amazon-pay-api-sdk-nodejs-2.3.1.tgz",
      "integrity": "sha512-ReNTBW5CDOtmCjSrAGLjcy4+NOFpyXkXK0kSRD2007mnJ4hj/DkFSibaIiRhfrydqJLMoVCrHGKs+rxo5FQ1BA==",
      "dependencies": {
        "axios": "^0.21.2",
        "uuid": "^3.3.3"
      }
    },
    "node_modules/axios": {
      "version": "0.21.4",
      "resolved": "https://registry.npmjs.org/axios/-/axios-0.21.4.tgz",
      "integrity": "sha512-ut5vewkiu8jjGBdqpM44XxjuCjq9LAKeHVmoVfHVzy8eHgxxq8SbAVQNovDA8mVi05kP0Ea/n/UzcSHcTJQfNg==",
      "dependencies": {
        "follow-redirects": "^1.14.0"
      }
    },
    "node_modules/follow-redirects": {
      "version": "1.15.6",
      "resolved": "https://registry.npmjs.org/follow-redirects/-/follow-redirects-1.15.6.tgz",
      "integrity": "sha512-wWN62YITEaOpSK584EZXJafH1AGpO8RVgElfkuXbTOrPX4fIfOyEpW/CsiNd8JdYrAoOvafRTOEnvsO++qCqFA==",
      "funding": [
        {
          "type": "individual",
          "url": "https://github.com/sponsors/RubenVerborgh"
        }
      ],
      "engines": {
        "node": ">=4.0"
      },
      "peerDependenciesMeta": {
        "debug": {
          "optional": true
        }
      }
    },
    "node_modules/uuid": {
      "version": "3.4.0",
      "resolved": "https://registry.npmjs.org/uuid/-/uuid-3.4.0.tgz",
      "integrity": "sha512-HjSDRw6gZE5JMggctHBcjVak08+KEVhSIiDzFnT9S9aegmp85S/bReBVTb4QTFaRNptJ9kuYaNhnbNEOkbKb/A==",
      "deprecated": "Please upgrade  to version 7 or higher.  Older versions may use Math.random() in certain circumstances, which is known to be problematic.  See https://v8.dev/blog/math-random for details.",
      "bin": {
        "uuid": "bin/uuid"
      }
    }
  }
}
