{
  "name": "apigw-authorizer",
  "lockfileVersion": 3,
  "requires": true,
  "packages": {
    "": {
      "dependencies": {
        "aws-jwt-verify": "^4.0.0"
      }
    },
    "node_modules/aws-jwt-verify": {
      "version": "4.0.0",
      "resolved": "https://registry.npmjs.org/aws-jwt-verify/-/aws-jwt-verify-4.0.0.tgz",
      "integrity": "sha512-1kCv+Ub3jBaQ6HnIjfAXswjp7xD0LO4GxwbQZ/o9IoJpb8/ZBUhHu5GQ4k2O7jOVTS/KOz86uw4NV71V3s6V3g==",
      "engines": {
        "node": ">=14.0.0"
      }
    }
  }
}
